
Microsoft Visual Studio Solution File, Format Version 12.00
# Visual Studio Version 17
VisualStudioVersion = 17.0.32014.148
MinimumVisualStudioVersion = 10.0.40219.1
Project("{F184B08F-C81C-45F6-A57F-5ABD9991F28F}") = "SBIG_Ethernet", "SBIG_Ethernet.vbproj", "{3AC65D97-5B59-4FB7-A1B6-D5EDC606760F}"
EndProject
Global
	GlobalSection(SolutionConfigurationPlatforms) = preSolution
		Debug|x64 = Debug|x64
		Release|x64 = Release|x64
	EndGlobalSection
	GlobalSection(ProjectConfigurationPlatforms) = postSolution
		{3AC65D97-5B59-4FB7-A1B6-D5EDC606760F}.Debug|x64.ActiveCfg = Debug|x64
		{3AC65D97-5B59-4FB7-A1B6-D5EDC606760F}.Debug|x64.Build.0 = Debug|x64
		{3AC65D97-5B59-4FB7-A1B6-D5EDC606760F}.Release|x64.ActiveCfg = Release|x64
		{3AC65D97-5B59-4FB7-A1B6-D5EDC606760F}.Release|x64.Build.0 = Release|x64
	EndGlobalSection
	GlobalSection(SolutionProperties) = preSolution
		HideSolutionNode = FALSE
	EndGlobalSection
	GlobalSection(ExtensibilityGlobals) = postSolution
		SolutionGuid = {16E65E87-9FC3-4D0E-834C-74C925F13DED}
	EndGlobalSection
EndGlobal
